
Microsoft Visual Studio Solution File, Format Version 12.00
# Visual Studio Version 17
VisualStudioVersion = 17.9.34728.123
MinimumVisualStudioVersion = 10.0.40219.1
Project("{FAE04EC0-301F-11D3-BF4B-00C04F79EFBC}") = "MarsRover", "MarsRover\MarsRover.csproj", "{93CDE7A2-A94C-410E-B6B3-96BE6FC1F9A8}"
EndProject
Global
	GlobalSection(SolutionConfigurationPlatforms) = preSolution
		Debug|Any CPU = Debug|Any CPU
		Release|Any CPU = Release|Any CPU
	EndGlobalSection
	GlobalSection(ProjectConfigurationPlatforms) = postSolution
		{93CDE7A2-A94C-410E-B6B3-96BE6FC1F9A8}.Debug|Any CPU.ActiveCfg = Debug|Any CPU
		{93CDE7A2-A94C-410E-B6B3-96BE6FC1F9A8}.Debug|Any CPU.Build.0 = Debug|Any CPU
		{93CDE7A2-A94C-410E-B6B3-96BE6FC1F9A8}.Release|Any CPU.ActiveCfg = Release|Any CPU
		{93CDE7A2-A94C-410E-B6B3-96BE6FC1F9A8}.Release|Any CPU.Build.0 = Release|Any CPU
	EndGlobalSection
	GlobalSection(SolutionProperties) = preSolution
		HideSolutionNode = FALSE
	EndGlobalSection
	GlobalSection(ExtensibilityGlobals) = postSolution
		SolutionGuid = {66AD3ACF-65EB-4600-982E-248B67534C1B}
	EndGlobalSection
EndGlobal
